
Microsoft Visual Studio Solution File, Format Version 12.00
# Visual Studio Version 17
VisualStudioVersion = 17.4.33110.190
MinimumVisualStudioVersion = 10.0.40219.1
Project("{FAE04EC0-301F-11D3-BF4B-00C04F79EFBC}") = "apiConnection", "apiConnection.csproj", "{987A2653-708B-4B9B-91A1-F8B0BD75E8F3}"
EndProject
Global
	GlobalSection(SolutionConfigurationPlatforms) = preSolution
		Debug|Any CPU = Debug|Any CPU
		Release|Any CPU = Release|Any CPU
	EndGlobalSection
	GlobalSection(ProjectConfigurationPlatforms) = postSolution
		{987A2653-708B-4B9B-91A1-F8B0BD75E8F3}.Debug|Any CPU.ActiveCfg = Debug|Any CPU
		{987A2653-708B-4B9B-91A1-F8B0BD75E8F3}.Debug|Any CPU.Build.0 = Debug|Any CPU
		{987A2653-708B-4B9B-91A1-F8B0BD75E8F3}.Release|Any CPU.ActiveCfg = Release|Any CPU
		{987A2653-708B-4B9B-91A1-F8B0BD75E8F3}.Release|Any CPU.Build.0 = Release|Any CPU
	EndGlobalSection
	GlobalSection(SolutionProperties) = preSolution
		HideSolutionNode = FALSE
	EndGlobalSection
	GlobalSection(ExtensibilityGlobals) = postSolution
		SolutionGuid = {F6D37B79-4121-46E1-B72E-027921F444F3}
	EndGlobalSection
EndGlobal
